
Microsoft Visual Studio Solution File, Format Version 12.00
# Visual Studio Version 16
VisualStudioVersion = 16.0.30309.148
MinimumVisualStudioVersion = 10.0.40219.1
Project("{9A19103F-16F7-4668-BE54-9A1E7A4F7556}") = "RepoChecker", "RepoChecker\RepoChecker.csproj", "{554341D0-E05F-4BEA-AB59-D8EB7846C9B2}"
EndProject
Project("{9A19103F-16F7-4668-BE54-9A1E7A4F7556}") = "ConsoleApp1", "ConsoleApp1\ConsoleApp1.csproj", "{A384DC34-478B-4CC1-87D0-A68E681919C4}"
	ProjectSection(ProjectDependencies) = postProject
		{554341D0-E05F-4BEA-AB59-D8EB7846C9B2} = {554341D0-E05F-4BEA-AB59-D8EB7846C9B2}
	EndProjectSection
EndProject
Project("{FAE04EC0-301F-11D3-BF4B-00C04F79EFBC}") = "RepoCheckerUnitTests", "RepoCheckerUnitTests\RepoCheckerUnitTests.csproj", "{54E35EEF-CBB7-4941-980C-53CDE5F26E47}"
EndProject
Global
	GlobalSection(SolutionConfigurationPlatforms) = preSolution
		Debug|Any CPU = Debug|Any CPU
		Release|Any CPU = Release|Any CPU
	EndGlobalSection
	GlobalSection(ProjectConfigurationPlatforms) = postSolution
		{554341D0-E05F-4BEA-AB59-D8EB7846C9B2}.Debug|Any CPU.ActiveCfg = Debug|Any CPU
		{554341D0-E05F-4BEA-AB59-D8EB7846C9B2}.Debug|Any CPU.Build.0 = Debug|Any CPU
		{554341D0-E05F-4BEA-AB59-D8EB7846C9B2}.Release|Any CPU.ActiveCfg = Release|Any CPU
		{554341D0-E05F-4BEA-AB59-D8EB7846C9B2}.Release|Any CPU.Build.0 = Release|Any CPU
		{A384DC34-478B-4CC1-87D0-A68E681919C4}.Debug|Any CPU.ActiveCfg = Debug|Any CPU
		{A384DC34-478B-4CC1-87D0-A68E681919C4}.Debug|Any CPU.Build.0 = Debug|Any CPU
		{A384DC34-478B-4CC1-87D0-A68E681919C4}.Release|Any CPU.ActiveCfg = Release|Any CPU
		{A384DC34-478B-4CC1-87D0-A68E681919C4}.Release|Any CPU.Build.0 = Release|Any CPU
		{54E35EEF-CBB7-4941-980C-53CDE5F26E47}.Debug|Any CPU.ActiveCfg = Debug|Any CPU
		{54E35EEF-CBB7-4941-980C-53CDE5F26E47}.Debug|Any CPU.Build.0 = Debug|Any CPU
		{54E35EEF-CBB7-4941-980C-53CDE5F26E47}.Release|Any CPU.ActiveCfg = Release|Any CPU
		{54E35EEF-CBB7-4941-980C-53CDE5F26E47}.Release|Any CPU.Build.0 = Release|Any CPU
	EndGlobalSection
	GlobalSection(SolutionProperties) = preSolution
		HideSolutionNode = FALSE
	EndGlobalSection
	GlobalSection(ExtensibilityGlobals) = postSolution
		SolutionGuid = {1AA41AA5-F11F-4B8E-BC94-60AC5E6D600E}
	EndGlobalSection
EndGlobal
